// !$*UTF8*$!
{
	archiveVersion = 1;
	classes = {
	};
	objectVersion = 50;
	objects = {

/* Begin PBXBuildFile section */
		B6809A952171F4480015756A /* main.swift in Sources */ = {isa = PBXBuildFile; fileRef = B6809A942171F4480015756A /* main.swift */; };
		B6809A9C2171F6670015756A /* User.swift in Sources */ = {isa = PBXBuildFile; fileRef = B6809A9B2171F6670015756A /* User.swift */; };
		B6809A9E2171F6E50015756A /* Repository.swift in Sources */ = {isa = PBXBuildFile; fileRef = B6809A9D2171F6E50015756A /* Repository.swift */; };
		B6809AA02171F7D30015756A /* JSONDecodeError.swift in Sources */ = {isa = PBXBuildFile; fileRef = B6809A9F2171F7D30015756A /* JSONDecodeError.swift */; };
		B6809AA2217200920015756A /* JSONDecodable.swift in Sources */ = {isa = PBXBuildFile; fileRef = B6809AA1217200920015756A /* JSONDecodable.swift */; };
		B6809AA4217228FF0015756A /* SearchResponse.swift in Sources */ = {isa = PBXBuildFile; fileRef = B6809AA3217228FF0015756A /* SearchResponse.swift */; };
		B6809AA8217230A00015756A /* GitHubClientError.swift in Sources */ = {isa = PBXBuildFile; fileRef = B6809AA7217230A00015756A /* GitHubClientError.swift */; };
		B6809AAA217232CB0015756A /* GitHubAPIError.swift in Sources */ = {isa = PBXBuildFile; fileRef = B6809AA9217232CB0015756A /* GitHubAPIError.swift */; };
		B6809AAD217257550015756A /* GitHubRequest.swift in Sources */ = {isa = PBXBuildFile; fileRef = B6809AAC217257550015756A /* GitHubRequest.swift */; };
		B6809AAF217259B50015756A /* HTTPMethod.swift in Sources */ = {isa = PBXBuildFile; fileRef = B6809AAE217259B50015756A /* HTTPMethod.swift */; };
		B6809AB121725E020015756A /* GitHubAPI.swift in Sources */ = {isa = PBXBuildFile; fileRef = B6809AB021725E020015756A /* GitHubAPI.swift */; };
/* End PBXBuildFile section */

/* Begin PBXCopyFilesBuildPhase section */
		B6809A8F2171F4480015756A /* CopyFiles */ = {
			isa = PBXCopyFilesBuildPhase;
			buildActionMask = 2147483647;
			dstPath = /usr/share/man/man1/;
			dstSubfolderSpec = 0;
			files = (
			);
			runOnlyForDeploymentPostprocessing = 1;
		};
/* End PBXCopyFilesBuildPhase section */

/* Begin PBXFileReference section */
		B6809A912171F4480015756A /* GitHubSearchRepository */ = {isa = PBXFileReference; explicitFileType = "compiled.mach-o.executable"; includeInIndex = 0; path = GitHubSearchRepository; sourceTree = BUILT_PRODUCTS_DIR; };
		B6809A942171F4480015756A /* main.swift */ = {isa = PBXFileReference; lastKnownFileType = sourcecode.swift; path = main.swift; sourceTree = "<group>"; };
		B6809A9B2171F6670015756A /* User.swift */ = {isa = PBXFileReference; lastKnownFileType = sourcecode.swift; path = User.swift; sourceTree = "<group>"; };
		B6809A9D2171F6E50015756A /* Repository.swift */ = {isa = PBXFileReference; lastKnownFileType = sourcecode.swift; path = Repository.swift; sourceTree = "<group>"; };
		B6809A9F2171F7D30015756A /* JSONDecodeError.swift */ = {isa = PBXFileReference; lastKnownFileType = sourcecode.swift; path = JSONDecodeError.swift; sourceTree = "<group>"; };
		B6809AA1217200920015756A /* JSONDecodable.swift */ = {isa = PBXFileReference; lastKnownFileType = sourcecode.swift; path = JSONDecodable.swift; sourceTree = "<group>"; };
		B6809AA3217228FF0015756A /* SearchResponse.swift */ = {isa = PBXFileReference; lastKnownFileType = sourcecode.swift; path = SearchResponse.swift; sourceTree = "<group>"; };
		B6809AA7217230A00015756A /* GitHubClientError.swift */ = {isa = PBXFileReference; lastKnownFileType = sourcecode.swift; path = GitHubClientError.swift; sourceTree = "<group>"; };
		B6809AA9217232CB0015756A /* GitHubAPIError.swift */ = {isa = PBXFileReference; lastKnownFileType = sourcecode.swift; path = GitHubAPIError.swift; sourceTree = "<group>"; };
		B6809AAC217257550015756A /* GitHubRequest.swift */ = {isa = PBXFileReference; lastKnownFileType = sourcecode.swift; path = GitHubRequest.swift; sourceTree = "<group>"; };
		B6809AAE217259B50015756A /* HTTPMethod.swift */ = {isa = PBXFileReference; lastKnownFileType = sourcecode.swift; path = HTTPMethod.swift; sourceTree = "<group>"; };
		B6809AB021725E020015756A /* GitHubAPI.swift */ = {isa = PBXFileReference; lastKnownFileType = sourcecode.swift; path = GitHubAPI.swift; sourceTree = "<group>"; };
/* End PBXFileReference section */

/* Begin PBXFrameworksBuildPhase section */
		B6809A8E2171F4480015756A /* Frameworks */ = {
			isa = PBXFrameworksBuildPhase;
			buildActionMask = 2147483647;
			files = (
			);
			runOnlyForDeploymentPostprocessing = 0;
		};
/* End PBXFrameworksBuildPhase section */

/* Begin PBXGroup section */
		B6809A882171F4470015756A = {
			isa = PBXGroup;
			children = (
				B6809A932171F4480015756A /* GitHubSearchRepository */,
				B6809A922171F4480015756A /* Products */,
			);
			sourceTree = "<group>";
		};
		B6809A922171F4480015756A /* Products */ = {
			isa = PBXGroup;
			children = (
				B6809A912171F4480015756A /* GitHubSearchRepository */,
			);
			name = Products;
			sourceTree = "<group>";
		};
		B6809A932171F4480015756A /* GitHubSearchRepository */ = {
			isa = PBXGroup;
			children = (
				B6809AAB217257430015756A /* Request */,
				B6809AA62172301A0015756A /* Error */,
				B6809AA521722FF10015756A /* Response */,
				B6809A942171F4480015756A /* main.swift */,
			);
			path = GitHubSearchRepository;
			sourceTree = "<group>";
		};
		B6809AA521722FF10015756A /* Response */ = {
			isa = PBXGroup;
			children = (
				B6809A9D2171F6E50015756A /* Repository.swift */,
				B6809A9B2171F6670015756A /* User.swift */,
				B6809A9F2171F7D30015756A /* JSONDecodeError.swift */,
				B6809AA1217200920015756A /* JSONDecodable.swift */,
				B6809AA3217228FF0015756A /* SearchResponse.swift */,
			);
			path = Response;
			sourceTree = "<group>";
		};
		B6809AA62172301A0015756A /* Error */ = {
			isa = PBXGroup;
			children = (
				B6809AA7217230A00015756A /* GitHubClientError.swift */,
				B6809AA9217232CB0015756A /* GitHubAPIError.swift */,
			);
			path = Error;
			sourceTree = "<group>";
		};
		B6809AAB217257430015756A /* Request */ = {
			isa = PBXGroup;
			children = (
				B6809AAC217257550015756A /* GitHubRequest.swift */,
				B6809AAE217259B50015756A /* HTTPMethod.swift */,
				B6809AB021725E020015756A /* GitHubAPI.swift */,
			);
			path = Request;
			sourceTree = "<group>";
		};
/* End PBXGroup section */

/* Begin PBXNativeTarget section */
		B6809A902171F4480015756A /* GitHubSearchRepository */ = {
			isa = PBXNativeTarget;
			buildConfigurationList = B6809A982171F4480015756A /* Build configuration list for PBXNativeTarget "GitHubSearchRepository" */;
			buildPhases = (
				B6809A8D2171F4480015756A /* Sources */,
				B6809A8E2171F4480015756A /* Frameworks */,
				B6809A8F2171F4480015756A /* CopyFiles */,
			);
			buildRules = (
			);
			dependencies = (
			);
			name = GitHubSearchRepository;
			productName = GitHubSearchRepository;
			productReference = B6809A912171F4480015756A /* GitHubSearchRepository */;
			productType = "com.apple.product-type.tool";
		};
/* End PBXNativeTarget section */

/* Begin PBXProject section */
		B6809A892171F4470015756A /* Project object */ = {
			isa = PBXProject;
			attributes = {
				LastSwiftUpdateCheck = 1000;
				LastUpgradeCheck = 1000;
				ORGANIZATIONNAME = "Yuki Yamashita";
				TargetAttributes = {
					B6809A902171F4480015756A = {
						CreatedOnToolsVersion = 10.0;
					};
				};
			};
			buildConfigurationList = B6809A8C2171F4470015756A /* Build configuration list for PBXProject "GitHubSearchRepository" */;
			compatibilityVersion = "Xcode 9.3";
			developmentRegion = en;
			hasScannedForEncodings = 0;
			knownRegions = (
				en,
			);
			mainGroup = B6809A882171F4470015756A;
			productRefGroup = B6809A922171F4480015756A /* Products */;
			projectDirPath = "";
			projectRoot = "";
			targets = (
				B6809A902171F4480015756A /* GitHubSearchRepository */,
			);
		};
/* End PBXProject section */

/* Begin PBXSourcesBuildPhase section */
		B6809A8D2171F4480015756A /* Sources */ = {
			isa = PBXSourcesBuildPhase;
			buildActionMask = 2147483647;
			files = (
				B6809AA02171F7D30015756A /* JSONDecodeError.swift in Sources */,
				B6809AA2217200920015756A /* JSONDecodable.swift in Sources */,
				B6809A9C2171F6670015756A /* User.swift in Sources */,
				B6809AA4217228FF0015756A /* SearchResponse.swift in Sources */,
				B6809A952171F4480015756A /* main.swift in Sources */,
				B6809AA8217230A00015756A /* GitHubClientError.swift in Sources */,
				B6809AAA217232CB0015756A /* GitHubAPIError.swift in Sources */,
				B6809AB121725E020015756A /* GitHubAPI.swift in Sources */,
				B6809AAD217257550015756A /* GitHubRequest.swift in Sources */,
				B6809AAF217259B50015756A /* HTTPMethod.swift in Sources */,
				B6809A9E2171F6E50015756A /* Repository.swift in Sources */,
			);
			runOnlyForDeploymentPostprocessing = 0;
		};
/* End PBXSourcesBuildPhase section */

/* Begin XCBuildConfiguration section */
		B6809A962171F4480015756A /* Debug */ = {
			isa = XCBuildConfiguration;
			buildSettings = {
				ALWAYS_SEARCH_USER_PATHS = NO;
				CLANG_ANALYZER_NONNULL = YES;
				CLANG_ANALYZER_NUMBER_OBJECT_CONVERSION = YES_AGGRESSIVE;
				CLANG_CXX_LANGUAGE_STANDARD = "gnu++14";
				CLANG_CXX_LIBRARY = "libc++";
				CLANG_ENABLE_MODULES = YES;
				CLANG_ENABLE_OBJC_ARC = YES;
				CLANG_ENABLE_OBJC_WEAK = YES;
				CLANG_WARN_BLOCK_CAPTURE_AUTORELEASING = YES;
				CLANG_WARN_BOOL_CONVERSION = YES;
				CLANG_WARN_COMMA = YES;
				CLANG_WARN_CONSTANT_CONVERSION = YES;
				CLANG_WARN_DEPRECATED_OBJC_IMPLEMENTATIONS = YES;
				CLANG_WARN_DIRECT_OBJC_ISA_USAGE = YES_ERROR;
				CLANG_WARN_DOCUMENTATION_COMMENTS = YES;
				CLANG_WARN_EMPTY_BODY = YES;
				CLANG_WARN_ENUM_CONVERSION = YES;
				CLANG_WARN_INFINITE_RECURSION = YES;
				CLANG_WARN_INT_CONVERSION = YES;
				CLANG_WARN_NON_LITERAL_NULL_CONVERSION = YES;
				CLANG_WARN_OBJC_IMPLICIT_RETAIN_SELF = YES;
				CLANG_WARN_OBJC_LITERAL_CONVERSION = YES;
				CLANG_WARN_OBJC_ROOT_CLASS = YES_ERROR;
				CLANG_WARN_RANGE_LOOP_ANALYSIS = YES;
				CLANG_WARN_STRICT_PROTOTYPES = YES;
				CLANG_WARN_SUSPICIOUS_MOVE = YES;
				CLANG_WARN_UNGUARDED_AVAILABILITY = YES_AGGRESSIVE;
				CLANG_WARN_UNREACHABLE_CODE = YES;
				CLANG_WARN__DUPLICATE_METHOD_MATCH = YES;
				CODE_SIGN_IDENTITY = "Mac Developer";
				COPY_PHASE_STRIP = NO;
				DEBUG_INFORMATION_FORMAT = dwarf;
				ENABLE_STRICT_OBJC_MSGSEND = YES;
				ENABLE_TESTABILITY = YES;
				GCC_C_LANGUAGE_STANDARD = gnu11;
				GCC_DYNAMIC_NO_PIC = NO;
				GCC_NO_COMMON_BLOCKS = YES;
				GCC_OPTIMIZATION_LEVEL = 0;
				GCC_PREPROCESSOR_DEFINITIONS = (
					"DEBUG=1",
					"$(inherited)",
				);
				GCC_WARN_64_TO_32_BIT_CONVERSION = YES;
				GCC_WARN_ABOUT_RETURN_TYPE = YES_ERROR;
				GCC_WARN_UNDECLARED_SELECTOR = YES;
				GCC_WARN_UNINITIALIZED_AUTOS = YES_AGGRESSIVE;
				GCC_WARN_UNUSED_FUNCTION = YES;
				GCC_WARN_UNUSED_VARIABLE = YES;
				MACOSX_DEPLOYMENT_TARGET = 10.14;
				MTL_ENABLE_DEBUG_INFO = INCLUDE_SOURCE;
				MTL_FAST_MATH = YES;
				ONLY_ACTIVE_ARCH = YES;
				SDKROOT = macosx;
				SWIFT_ACTIVE_COMPILATION_CONDITIONS = DEBUG;
				SWIFT_OPTIMIZATION_LEVEL = "-Onone";
			};
			name = Debug;
		};
		B6809A972171F4480015756A /* Release */ = {
			isa = XCBuildConfiguration;
			buildSettings = {
				ALWAYS_SEARCH_USER_PATHS = NO;
				CLANG_ANALYZER_NONNULL = YES;
				CLANG_ANALYZER_NUMBER_OBJECT_CONVERSION = YES_AGGRESSIVE;
				CLANG_CXX_LANGUAGE_STANDARD = "gnu++14";
				CLANG_CXX_LIBRARY = "libc++";
				CLANG_ENABLE_MODULES = YES;
				CLANG_ENABLE_OBJC_ARC = YES;
				CLANG_ENABLE_OBJC_WEAK = YES;
				CLANG_WARN_BLOCK_CAPTURE_AUTORELEASING = YES;
				CLANG_WARN_BOOL_CONVERSION = YES;
				CLANG_WARN_COMMA = YES;
				CLANG_WARN_CONSTANT_CONVERSION = YES;
				CLANG_WARN_DEPRECATED_OBJC_IMPLEMENTATIONS = YES;
				CLANG_WARN_DIRECT_OBJC_ISA_USAGE = YES_ERROR;
				CLANG_WARN_DOCUMENTATION_COMMENTS = YES;
				CLANG_WARN_EMPTY_BODY = YES;
				CLANG_WARN_ENUM_CONVERSION = YES;
				CLANG_WARN_INFINITE_RECURSION = YES;
				CLANG_WARN_INT_CONVERSION = YES;
				CLANG_WARN_NON_LITERAL_NULL_CONVERSION = YES;
				CLANG_WARN_OBJC_IMPLICIT_RETAIN_SELF = YES;
				CLANG_WARN_OBJC_LITERAL_CONVERSION = YES;
				CLANG_WARN_OBJC_ROOT_CLASS = YES_ERROR;
				CLANG_WARN_RANGE_LOOP_ANALYSIS = YES;
				CLANG_WARN_STRICT_PROTOTYPES = YES;
				CLANG_WARN_SUSPICIOUS_MOVE = YES;
				CLANG_WARN_UNGUARDED_AVAILABILITY = YES_AGGRESSIVE;
				CLANG_WARN_UNREACHABLE_CODE = YES;
				CLANG_WARN__DUPLICATE_METHOD_MATCH = YES;
				CODE_SIGN_IDENTITY = "Mac Developer";
				COPY_PHASE_STRIP = NO;
				DEBUG_INFORMATION_FORMAT = "dwarf-with-dsym";
				ENABLE_NS_ASSERTIONS = NO;
				ENABLE_STRICT_OBJC_MSGSEND = YES;
				GCC_C_LANGUAGE_STANDARD = gnu11;
				GCC_NO_COMMON_BLOCKS = YES;
				GCC_WARN_64_TO_32_BIT_CONVERSION = YES;
				GCC_WARN_ABOUT_RETURN_TYPE = YES_ERROR;
				GCC_WARN_UNDECLARED_SELECTOR = YES;
				GCC_WARN_UNINITIALIZED_AUTOS = YES_AGGRESSIVE;
				GCC_WARN_UNUSED_FUNCTION = YES;
				GCC_WARN_UNUSED_VARIABLE = YES;
				MACOSX_DEPLOYMENT_TARGET = 10.14;
				MTL_ENABLE_DEBUG_INFO = NO;
				MTL_FAST_MATH = YES;
				SDKROOT = macosx;
				SWIFT_COMPILATION_MODE = wholemodule;
				SWIFT_OPTIMIZATION_LEVEL = "-O";
			};
			name = Release;
		};
		B6809A992171F4480015756A /* Debug */ = {
			isa = XCBuildConfiguration;
			buildSettings = {
				CODE_SIGN_STYLE = Automatic;
				DEVELOPMENT_TEAM = 52349S2K73;
				PRODUCT_NAME = "$(TARGET_NAME)";
				SWIFT_VERSION = 4.2;
			};
			name = Debug;
		};
		B6809A9A2171F4480015756A /* Release */ = {
			isa = XCBuildConfiguration;
			buildSettings = {
				CODE_SIGN_STYLE = Automatic;
				DEVELOPMENT_TEAM = 52349S2K73;
				PRODUCT_NAME = "$(TARGET_NAME)";
				SWIFT_VERSION = 4.2;
			};
			name = Release;
		};
/* End XCBuildConfiguration section */

/* Begin XCConfigurationList section */
		B6809A8C2171F4470015756A /* Build configuration list for PBXProject "GitHubSearchRepository" */ = {
			isa = XCConfigurationList;
			buildConfigurations = (
				B6809A962171F4480015756A /* Debug */,
				B6809A972171F4480015756A /* Release */,
			);
			defaultConfigurationIsVisible = 0;
			defaultConfigurationName = Release;
		};
		B6809A982171F4480015756A /* Build configuration list for PBXNativeTarget "GitHubSearchRepository" */ = {
			isa = XCConfigurationList;
			buildConfigurations = (
				B6809A992171F4480015756A /* Debug */,
				B6809A9A2171F4480015756A /* Release */,
			);
			defaultConfigurationIsVisible = 0;
			defaultConfigurationName = Release;
		};
/* End XCConfigurationList section */
	};
	rootObject = B6809A892171F4470015756A /* Project object */;
}
